
Microsoft Visual Studio Solution File, Format Version 12.00
# Visual Studio Version 17
VisualStudioVersion = 17.6.33829.357
MinimumVisualStudioVersion = 10.0.40219.1
Project("{FAE04EC0-301F-11D3-BF4B-00C04F79EFBC}") = "MarsCompetition", "MarsCompetition\MarsCompetition.csproj", "{C9CE428F-707D-44D9-B01C-614B59188EAB}"
EndProject
Global
	GlobalSection(SolutionConfigurationPlatforms) = preSolution
		Debug|Any CPU = Debug|Any CPU
		Release|Any CPU = Release|Any CPU
	EndGlobalSection
	GlobalSection(ProjectConfigurationPlatforms) = postSolution
		{C9CE428F-707D-44D9-B01C-614B59188EAB}.Debug|Any CPU.ActiveCfg = Debug|Any CPU
		{C9CE428F-707D-44D9-B01C-614B59188EAB}.Debug|Any CPU.Build.0 = Debug|Any CPU
		{C9CE428F-707D-44D9-B01C-614B59188EAB}.Release|Any CPU.ActiveCfg = Release|Any CPU
		{C9CE428F-707D-44D9-B01C-614B59188EAB}.Release|Any CPU.Build.0 = Release|Any CPU
	EndGlobalSection
	GlobalSection(SolutionProperties) = preSolution
		HideSolutionNode = FALSE
	EndGlobalSection
	GlobalSection(ExtensibilityGlobals) = postSolution
		SolutionGuid = {D12BB115-0B46-4BEF-B91B-CD3F04C7526D}
	EndGlobalSection
EndGlobal
